
Microsoft Visual Studio Solution File, Format Version 12.00
# Visual Studio Version 17
VisualStudioVersion = 17.11.35222.181
MinimumVisualStudioVersion = 10.0.40219.1
Project("{FAE04EC0-301F-11D3-BF4B-00C04F79EFBC}") = "wpf project", "wpf project\wpf project.csproj", "{D49C078A-5ED4-46A3-AF48-96D316F10102}"
EndProject
Global
	GlobalSection(SolutionConfigurationPlatforms) = preSolution
		Debug|Any CPU = Debug|Any CPU
		Release|Any CPU = Release|Any CPU
	EndGlobalSection
	GlobalSection(ProjectConfigurationPlatforms) = postSolution
		{D49C078A-5ED4-46A3-AF48-96D316F10102}.Debug|Any CPU.ActiveCfg = Debug|Any CPU
		{D49C078A-5ED4-46A3-AF48-96D316F10102}.Debug|Any CPU.Build.0 = Debug|Any CPU
		{D49C078A-5ED4-46A3-AF48-96D316F10102}.Release|Any CPU.ActiveCfg = Release|Any CPU
		{D49C078A-5ED4-46A3-AF48-96D316F10102}.Release|Any CPU.Build.0 = Release|Any CPU
	EndGlobalSection
	GlobalSection(SolutionProperties) = preSolution
		HideSolutionNode = FALSE
	EndGlobalSection
	GlobalSection(ExtensibilityGlobals) = postSolution
		SolutionGuid = {69973293-3A0F-4C0F-861A-99F347058B84}
	EndGlobalSection
EndGlobal
